
Microsoft Visual Studio Solution File, Format Version 12.00
# Visual Studio Version 16
VisualStudioVersion = 16.0.32228.343
MinimumVisualStudioVersion = 10.0.40219.1
Project("{FAE04EC0-301F-11D3-BF4B-00C04F79EFBC}") = "PlantProject.Android", "PlantProject\PlantProject.Android\PlantProject.Android.csproj", "{97A2CD84-6670-46C2-811A-2C708D842486}"
EndProject
Project("{FAE04EC0-301F-11D3-BF4B-00C04F79EFBC}") = "PlantProject", "PlantProject\PlantProject\PlantProject.csproj", "{F014F410-CF5F-4774-952A-54EBA1720786}"
EndProject
Global
	GlobalSection(SolutionConfigurationPlatforms) = preSolution
		Debug|Any CPU = Debug|Any CPU
		Release|Any CPU = Release|Any CPU
	EndGlobalSection
	GlobalSection(ProjectConfigurationPlatforms) = postSolution
		{97A2CD84-6670-46C2-811A-2C708D842486}.Debug|Any CPU.ActiveCfg = Debug|Any CPU
		{97A2CD84-6670-46C2-811A-2C708D842486}.Debug|Any CPU.Build.0 = Debug|Any CPU
		{97A2CD84-6670-46C2-811A-2C708D842486}.Debug|Any CPU.Deploy.0 = Debug|Any CPU
		{97A2CD84-6670-46C2-811A-2C708D842486}.Release|Any CPU.ActiveCfg = Release|Any CPU
		{97A2CD84-6670-46C2-811A-2C708D842486}.Release|Any CPU.Build.0 = Release|Any CPU
		{97A2CD84-6670-46C2-811A-2C708D842486}.Release|Any CPU.Deploy.0 = Release|Any CPU
		{F014F410-CF5F-4774-952A-54EBA1720786}.Debug|Any CPU.ActiveCfg = Debug|Any CPU
		{F014F410-CF5F-4774-952A-54EBA1720786}.Debug|Any CPU.Build.0 = Debug|Any CPU
		{F014F410-CF5F-4774-952A-54EBA1720786}.Debug|Any CPU.Deploy.0 = Debug|Any CPU
		{F014F410-CF5F-4774-952A-54EBA1720786}.Release|Any CPU.ActiveCfg = Release|Any CPU
		{F014F410-CF5F-4774-952A-54EBA1720786}.Release|Any CPU.Build.0 = Release|Any CPU
		{F014F410-CF5F-4774-952A-54EBA1720786}.Release|Any CPU.Deploy.0 = Release|Any CPU
	EndGlobalSection
	GlobalSection(SolutionProperties) = preSolution
		HideSolutionNode = FALSE
	EndGlobalSection
	GlobalSection(ExtensibilityGlobals) = postSolution
		SolutionGuid = {F45EC82F-2654-4918-AFF4-738A9B89021B}
	EndGlobalSection
EndGlobal
